<?xml version="1.0" encoding="utf-8"?>
<Project ToolsVersion="4.0" xmlns="http://schemas.microsoft.com/developer/msbuild/2003">
  <ItemGroup>
    <Filter Include="Source Files">
      <UniqueIdentifier>{4FC737F1-C7A5-4376-A066-2A32D752A2FF}</UniqueIdentifier>
      <Extensions>cpp;c;cc;cxx;def;odl;idl;hpj;bat;asm;asmx</Extensions>
    </Filter>
    <Filter Include="Header Files">
      <UniqueIdentifier>{93995380-89BD-4b04-88EB-625FBE52EBFB}</UniqueIdentifier>
      <Extensions>h;hh;hpp;hxx;hm;inl;inc;xsd</Extensions>
    </Filter>
    <Filter Include="Resource Files">
      <UniqueIdentifier>{67DA6AB6-F800-4c08-8B7A-83BB121AAD01}</UniqueIdentifier>
      <Extensions>rc;ico;cur;bmp;dlg;rc2;rct;bin;rgs;gif;jpg;jpeg;jpe;resx;tiff;tif;png;wav</Extensions>
    </Filter>
  </ItemGroup>
  <ItemGroup>
    <ClCompile Include="src\http_connection.cpp">
      <Filter>Source Files</Filter>
    </ClCompile>
    <ClCompile Include="src\http_server.cpp">
      <Filter>Source Files</Filter>
    </ClCompile>
    <ClCompile Include="src\io_service_pool.cpp">
      <Filter>Source Files</Filter>
    </ClCompile>
    <ClCompile Include="src\main.cpp">
      <Filter>Source Files</Filter>
    </ClCompile>
  </ItemGroup>
  <ItemGroup>
    <ClInclude Include="include\escape_string.hpp">
      <Filter>Header Files</Filter>
    </ClInclude>
    <ClInclude Include="include\http_connection.hpp">
      <Filter>Header Files</Filter>
    </ClInclude>
    <ClInclude Include="include\http_helper.hpp">
      <Filter>Header Files</Filter>
    </ClInclude>
    <ClInclude Include="include\http_server.hpp">
      <Filter>Header Files</Filter>
    </ClInclude>
    <ClInclude Include="include\io_service_pool.hpp">
      <Filter>Header Files</Filter>
    </ClInclude>
    <ClInclude Include="include\utf8.hpp">
      <Filter>Header Files</Filter>
    </ClInclude>
    <ClInclude Include="include\internal.hpp">
      <Filter>Header Files</Filter>
    </ClInclude>
    <ClInclude Include="include\logging.hpp">
      <Filter>Header Files</Filter>
    </ClInclude>
    <ClInclude Include="include\mysql\cppconn\build_config.h">
      <Filter>Header Files</Filter>
    </ClInclude>
    <ClInclude Include="include\mysql\cppconn\config.h">
      <Filter>Header Files</Filter>
    </ClInclude>
    <ClInclude Include="include\mysql\cppconn\connection.h">
      <Filter>Header Files</Filter>
    </ClInclude>
    <ClInclude Include="include\mysql\cppconn\datatype.h">
      <Filter>Header Files</Filter>
    </ClInclude>
    <ClInclude Include="include\mysql\cppconn\driver.h">
      <Filter>Header Files</Filter>
    </ClInclude>
    <ClInclude Include="include\mysql\cppconn\exception.h">
      <Filter>Header Files</Filter>
    </ClInclude>
    <ClInclude Include="include\mysql\cppconn\metadata.h">
      <Filter>Header Files</Filter>
    </ClInclude>
    <ClInclude Include="include\mysql\cppconn\parameter_metadata.h">
      <Filter>Header Files</Filter>
    </ClInclude>
    <ClInclude Include="include\mysql\cppconn\prepared_statement.h">
      <Filter>Header Files</Filter>
    </ClInclude>
    <ClInclude Include="include\mysql\cppconn\resultset.h">
      <Filter>Header Files</Filter>
    </ClInclude>
    <ClInclude Include="include\mysql\cppconn\resultset_metadata.h">
      <Filter>Header Files</Filter>
    </ClInclude>
    <ClInclude Include="include\mysql\cppconn\sqlstring.h">
      <Filter>Header Files</Filter>
    </ClInclude>
    <ClInclude Include="include\mysql\cppconn\statement.h">
      <Filter>Header Files</Filter>
    </ClInclude>
    <ClInclude Include="include\mysql\cppconn\variant.h">
      <Filter>Header Files</Filter>
    </ClInclude>
    <ClInclude Include="include\mysql\cppconn\version_info.h">
      <Filter>Header Files</Filter>
    </ClInclude>
    <ClInclude Include="include\mysql\cppconn\warning.h">
      <Filter>Header Files</Filter>
    </ClInclude>
    <ClInclude Include="include\mysql\mysql_connection.h">
      <Filter>Header Files</Filter>
    </ClInclude>
    <ClInclude Include="include\mysql\mysql_driver.h">
      <Filter>Header Files</Filter>
    </ClInclude>
    <ClInclude Include="include\mysql\mysql_error.h">
      <Filter>Header Files</Filter>
    </ClInclude>
    <ClInclude Include="include\mysql\mysql\psi\mysql_file.h">
      <Filter>Header Files</Filter>
    </ClInclude>
    <ClInclude Include="include\mysql\mysql\psi\mysql_idle.h">
      <Filter>Header Files</Filter>
    </ClInclude>
    <ClInclude Include="include\mysql\mysql\psi\mysql_mdl.h">
      <Filter>Header Files</Filter>
    </ClInclude>
    <ClInclude Include="include\mysql\mysql\psi\mysql_memory.h">
      <Filter>Header Files</Filter>
    </ClInclude>
    <ClInclude Include="include\mysql\mysql\psi\mysql_ps.h">
      <Filter>Header Files</Filter>
    </ClInclude>
    <ClInclude Include="include\mysql\mysql\psi\mysql_socket.h">
      <Filter>Header Files</Filter>
    </ClInclude>
    <ClInclude Include="include\mysql\mysql\psi\mysql_sp.h">
      <Filter>Header Files</Filter>
    </ClInclude>
    <ClInclude Include="include\mysql\mysql\psi\mysql_stage.h">
      <Filter>Header Files</Filter>
    </ClInclude>
    <ClInclude Include="include\mysql\mysql\psi\mysql_statement.h">
      <Filter>Header Files</Filter>
    </ClInclude>
    <ClInclude Include="include\mysql\mysql\psi\mysql_table.h">
      <Filter>Header Files</Filter>
    </ClInclude>
    <ClInclude Include="include\mysql\mysql\psi\mysql_thread.h">
      <Filter>Header Files</Filter>
    </ClInclude>
    <ClInclude Include="include\mysql\mysql\psi\mysql_transaction.h">
      <Filter>Header Files</Filter>
    </ClInclude>
    <ClInclude Include="include\mysql\mysql\psi\psi.h">
      <Filter>Header Files</Filter>
    </ClInclude>
    <ClInclude Include="include\mysql\mysql\psi\psi_base.h">
      <Filter>Header Files</Filter>
    </ClInclude>
    <ClInclude Include="include\mysql\mysql\psi\psi_memory.h">
      <Filter>Header Files</Filter>
    </ClInclude>
    <ClInclude Include="include\mysql\mysql\client_authentication.h">
      <Filter>Header Files</Filter>
    </ClInclude>
    <ClInclude Include="include\mysql\mysql\client_plugin.h">
      <Filter>Header Files</Filter>
    </ClInclude>
    <ClInclude Include="include\mysql\mysql\get_password.h">
      <Filter>Header Files</Filter>
    </ClInclude>
    <ClInclude Include="include\mysql\mysql\plugin_auth_common.h">
      <Filter>Header Files</Filter>
    </ClInclude>
    <ClInclude Include="include\mysql\mysql\plugin_trace.h">
      <Filter>Header Files</Filter>
    </ClInclude>
    <ClInclude Include="include\mysql\mysql\service_my_snprintf.h">
      <Filter>Header Files</Filter>
    </ClInclude>
    <ClInclude Include="include\mysql\mysql\service_mysql_alloc.h">
      <Filter>Header Files</Filter>
    </ClInclude>
    <ClInclude Include="include\mysql\big_endian.h">
      <Filter>Header Files</Filter>
    </ClInclude>
    <ClInclude Include="include\mysql\byte_order_generic.h">
      <Filter>Header Files</Filter>
    </ClInclude>
    <ClInclude Include="include\mysql\byte_order_generic_x86.h">
      <Filter>Header Files</Filter>
    </ClInclude>
    <ClInclude Include="include\mysql\decimal.h">
      <Filter>Header Files</Filter>
    </ClInclude>
    <ClInclude Include="include\mysql\errmsg.h">
      <Filter>Header Files</Filter>
    </ClInclude>
    <ClInclude Include="include\mysql\keycache.h">
      <Filter>Header Files</Filter>
    </ClInclude>
    <ClInclude Include="include\mysql\little_endian.h">
      <Filter>Header Files</Filter>
    </ClInclude>
    <ClInclude Include="include\mysql\m_ctype.h">
      <Filter>Header Files</Filter>
    </ClInclude>
    <ClInclude Include="include\mysql\m_string.h">
      <Filter>Header Files</Filter>
    </ClInclude>
    <ClInclude Include="include\mysql\my_alloc.h">
      <Filter>Header Files</Filter>
    </ClInclude>
    <ClInclude Include="include\mysql\my_byteorder.h">
      <Filter>Header Files</Filter>
    </ClInclude>
    <ClInclude Include="include\mysql\my_compiler.h">
      <Filter>Header Files</Filter>
    </ClInclude>
    <ClInclude Include="include\mysql\my_config.h">
      <Filter>Header Files</Filter>
    </ClInclude>
    <ClInclude Include="include\mysql\my_dbug.h">
      <Filter>Header Files</Filter>
    </ClInclude>
    <ClInclude Include="include\mysql\my_dir.h">
      <Filter>Header Files</Filter>
    </ClInclude>
    <ClInclude Include="include\mysql\my_getopt.h">
      <Filter>Header Files</Filter>
    </ClInclude>
    <ClInclude Include="include\mysql\my_global.h">
      <Filter>Header Files</Filter>
    </ClInclude>
    <ClInclude Include="include\mysql\my_list.h">
      <Filter>Header Files</Filter>
    </ClInclude>
    <ClInclude Include="include\mysql\my_pthread.h">
      <Filter>Header Files</Filter>
    </ClInclude>
    <ClInclude Include="include\mysql\my_sys.h">
      <Filter>Header Files</Filter>
    </ClInclude>
    <ClInclude Include="include\mysql\my_xml.h">
      <Filter>Header Files</Filter>
    </ClInclude>
    <ClInclude Include="include\mysql\mysql.h">
      <Filter>Header Files</Filter>
    </ClInclude>
    <ClInclude Include="include\mysql\mysql_com.h">
      <Filter>Header Files</Filter>
    </ClInclude>
    <ClInclude Include="include\mysql\mysql_com_server.h">
      <Filter>Header Files</Filter>
    </ClInclude>
    <ClInclude Include="include\mysql\mysql_embed.h">
      <Filter>Header Files</Filter>
    </ClInclude>
    <ClInclude Include="include\mysql\mysql_time.h">
      <Filter>Header Files</Filter>
    </ClInclude>
    <ClInclude Include="include\mysql\mysql_version.h">
      <Filter>Header Files</Filter>
    </ClInclude>
    <ClInclude Include="include\mysql\mysqld_ername.h">
      <Filter>Header Files</Filter>
    </ClInclude>
    <ClInclude Include="include\mysql\mysqld_error.h">
      <Filter>Header Files</Filter>
    </ClInclude>
    <ClInclude Include="include\mysql\sql_common.h">
      <Filter>Header Files</Filter>
    </ClInclude>
    <ClInclude Include="include\mysql\sql_state.h">
      <Filter>Header Files</Filter>
    </ClInclude>
    <ClInclude Include="include\mysql\sslopt-case.h">
      <Filter>Header Files</Filter>
    </ClInclude>
    <ClInclude Include="include\mysql\sslopt-longopts.h">
      <Filter>Header Files</Filter>
    </ClInclude>
    <ClInclude Include="include\mysql\sslopt-vars.h">
      <Filter>Header Files</Filter>
    </ClInclude>
    <ClInclude Include="include\mysql\typelib.h">
      <Filter>Header Files</Filter>
    </ClInclude>
  </ItemGroup>
</Project>